
Microsoft Visual Studio Solution File, Format Version 12.00
# Visual Studio Version 17
VisualStudioVersion = 17.8.34525.116
MinimumVisualStudioVersion = 10.0.40219.1
Project("{FAE04EC0-301F-11D3-BF4B-00C04F79EFBC}") = "SistemaInventario4", "SistemaInventario4\SistemaInventario4.csproj", "{24B8A547-36B9-446A-8A88-0C3B294AF483}"
EndProject
Global
	GlobalSection(SolutionConfigurationPlatforms) = preSolution
		Debug|Any CPU = Debug|Any CPU
		Release|Any CPU = Release|Any CPU
	EndGlobalSection
	GlobalSection(ProjectConfigurationPlatforms) = postSolution
		{24B8A547-36B9-446A-8A88-0C3B294AF483}.Debug|Any CPU.ActiveCfg = Debug|Any CPU
		{24B8A547-36B9-446A-8A88-0C3B294AF483}.Debug|Any CPU.Build.0 = Debug|Any CPU
		{24B8A547-36B9-446A-8A88-0C3B294AF483}.Release|Any CPU.ActiveCfg = Release|Any CPU
		{24B8A547-36B9-446A-8A88-0C3B294AF483}.Release|Any CPU.Build.0 = Release|Any CPU
	EndGlobalSection
	GlobalSection(SolutionProperties) = preSolution
		HideSolutionNode = FALSE
	EndGlobalSection
	GlobalSection(ExtensibilityGlobals) = postSolution
		SolutionGuid = {94D16689-0F91-46E0-A327-97F03DBA8236}
	EndGlobalSection
EndGlobal
